
Microsoft Visual Studio Solution File, Format Version 12.00
# Visual Studio Version 16
VisualStudioVersion = 16.0.30225.117
MinimumVisualStudioVersion = 10.0.40219.1
Project("{FAE04EC0-301F-11D3-BF4B-00C04F79EFBC}") = "ServerDemo", "ServerDemo.csproj", "{79A31E13-E638-40BB-BB57-02355C0EDB85}"
EndProject
Global
	GlobalSection(SolutionConfigurationPlatforms) = preSolution
		Debug|Any CPU = Debug|Any CPU
		Release|Any CPU = Release|Any CPU
	EndGlobalSection
	GlobalSection(ProjectConfigurationPlatforms) = postSolution
		{79A31E13-E638-40BB-BB57-02355C0EDB85}.Debug|Any CPU.ActiveCfg = Debug|Any CPU
		{79A31E13-E638-40BB-BB57-02355C0EDB85}.Debug|Any CPU.Build.0 = Debug|Any CPU
		{79A31E13-E638-40BB-BB57-02355C0EDB85}.Release|Any CPU.ActiveCfg = Release|Any CPU
		{79A31E13-E638-40BB-BB57-02355C0EDB85}.Release|Any CPU.Build.0 = Release|Any CPU
	EndGlobalSection
	GlobalSection(SolutionProperties) = preSolution
		HideSolutionNode = FALSE
	EndGlobalSection
	GlobalSection(ExtensibilityGlobals) = postSolution
		SolutionGuid = {FBA510CD-8755-4707-AC18-76C5DC6E407A}
	EndGlobalSection
EndGlobal
